
Microsoft Visual Studio Solution File, Format Version 12.00
# Visual Studio Version 16
VisualStudioVersion = 16.0.29509.3
MinimumVisualStudioVersion = 10.0.40219.1
Project("{FAE04EC0-301F-11D3-BF4B-00C04F79EFBC}") = "BI_CM_C1_2020", "BI_CM_C1_2020\BI_CM_C1_2020.csproj", "{FAAA809D-A96A-441E-A4EB-3173906E0B79}"
EndProject
Global
	GlobalSection(SolutionConfigurationPlatforms) = preSolution
		Debug|Any CPU = Debug|Any CPU
		Release|Any CPU = Release|Any CPU
	EndGlobalSection
	GlobalSection(ProjectConfigurationPlatforms) = postSolution
		{FAAA809D-A96A-441E-A4EB-3173906E0B79}.Debug|Any CPU.ActiveCfg = Debug|Any CPU
		{FAAA809D-A96A-441E-A4EB-3173906E0B79}.Debug|Any CPU.Build.0 = Debug|Any CPU
		{FAAA809D-A96A-441E-A4EB-3173906E0B79}.Release|Any CPU.ActiveCfg = Release|Any CPU
		{FAAA809D-A96A-441E-A4EB-3173906E0B79}.Release|Any CPU.Build.0 = Release|Any CPU
	EndGlobalSection
	GlobalSection(SolutionProperties) = preSolution
		HideSolutionNode = FALSE
	EndGlobalSection
	GlobalSection(ExtensibilityGlobals) = postSolution
		SolutionGuid = {D2FC017C-5BFC-4B6E-8F20-AA1C4CE50BE7}
	EndGlobalSection
EndGlobal
